
Microsoft Visual Studio Solution File, Format Version 11.00
# Visual Studio 2010
Project("{8BC9CEB8-8B4A-11D0-8D11-00A0C91BC942}") = "tiger-framework", "tiger-framework\tiger-framework.vcxproj", "{870A64B2-8F4D-4D5F-9A0C-C30E5977A37C}"
EndProject
Global
	GlobalSection(SolutionConfigurationPlatforms) = preSolution
		Debug|Win32 = Debug|Win32
		Release|Win32 = Release|Win32
	EndGlobalSection
	GlobalSection(ProjectConfigurationPlatforms) = postSolution
		{870A64B2-8F4D-4D5F-9A0C-C30E5977A37C}.Debug|Win32.ActiveCfg = Debug|Win32
		{870A64B2-8F4D-4D5F-9A0C-C30E5977A37C}.Debug|Win32.Build.0 = Debug|Win32
		{870A64B2-8F4D-4D5F-9A0C-C30E5977A37C}.Release|Win32.ActiveCfg = Release|Win32
		{870A64B2-8F4D-4D5F-9A0C-C30E5977A37C}.Release|Win32.Build.0 = Release|Win32
	EndGlobalSection
	GlobalSection(SolutionProperties) = preSolution
		HideSolutionNode = FALSE
	EndGlobalSection
EndGlobal
